// !$*UTF8*$!
{
	archiveVersion = 1;
	classes = {
	};
	objectVersion = 50;
	objects = {

/* Begin PBXBuildFile section */
		0FC7EC7E27C2EEC600C2C435 /* main.cpp in Sources */ = {isa = PBXBuildFile; fileRef = 0FC7EC7227C2EEC600C2C435 /* main.cpp */; };
		0FC7EC7F27C2EEC600C2C435 /* Node.cpp in Sources */ = {isa = PBXBuildFile; fileRef = 0FC7EC7527C2EEC600C2C435 /* Node.cpp */; };
		0FC7EC8027C2EEC600C2C435 /* QueueLL.cpp in Sources */ = {isa = PBXBuildFile; fileRef = 0FC7EC7927C2EEC600C2C435 /* QueueLL.cpp */; };
		0FC7EC8127C2EEC600C2C435 /* StackLL.cpp in Sources */ = {isa = PBXBuildFile; fileRef = 0FC7EC7C27C2EEC600C2C435 /* StackLL.cpp */; };
/* End PBXBuildFile section */

/* Begin PBXCopyFilesBuildPhase section */
		0FC7EC6627C2EEA900C2C435 /* CopyFiles */ = {
			isa = PBXCopyFilesBuildPhase;
			buildActionMask = 2147483647;
			dstPath = /usr/share/man/man1/;
			dstSubfolderSpec = 0;
			files = (
			);
			runOnlyForDeploymentPostprocessing = 1;
		};
/* End PBXCopyFilesBuildPhase section */

/* Begin PBXFileReference section */
		0FC7EC6827C2EEA900C2C435 /* Project2 */ = {isa = PBXFileReference; explicitFileType = "compiled.mach-o.executable"; includeInIndex = 0; path = Project2; sourceTree = BUILT_PRODUCTS_DIR; };
		0FC7EC7227C2EEC600C2C435 /* main.cpp */ = {isa = PBXFileReference; fileEncoding = 4; lastKnownFileType = sourcecode.cpp.cpp; name = main.cpp; path = ../../main.cpp; sourceTree = "<group>"; };
		0FC7EC7327C2EEC600C2C435 /* README.md */ = {isa = PBXFileReference; fileEncoding = 4; lastKnownFileType = net.daringfireball.markdown; name = README.md; path = ../../README.md; sourceTree = "<group>"; };
		0FC7EC7427C2EEC600C2C435 /* Stack-Queue-LL.vcxproj.filters */ = {isa = PBXFileReference; fileEncoding = 4; lastKnownFileType = text.xml; name = "Stack-Queue-LL.vcxproj.filters"; path = "../../Stack-Queue-LL.vcxproj.filters"; sourceTree = "<group>"; };
		0FC7EC7527C2EEC600C2C435 /* Node.cpp */ = {isa = PBXFileReference; fileEncoding = 4; lastKnownFileType = sourcecode.cpp.cpp; name = Node.cpp; path = ../../Node.cpp; sourceTree = "<group>"; };
		0FC7EC7627C2EEC600C2C435 /* Stack-Queue-LL.vcxproj */ = {isa = PBXFileReference; fileEncoding = 4; lastKnownFileType = text.xml; name = "Stack-Queue-LL.vcxproj"; path = "../../Stack-Queue-LL.vcxproj"; sourceTree = "<group>"; };
		0FC7EC7727C2EEC600C2C435 /* Node.h */ = {isa = PBXFileReference; fileEncoding = 4; lastKnownFileType = sourcecode.c.h; name = Node.h; path = ../../Node.h; sourceTree = "<group>"; };
		0FC7EC7827C2EEC600C2C435 /* ElementType.h */ = {isa = PBXFileReference; fileEncoding = 4; lastKnownFileType = sourcecode.c.h; name = ElementType.h; path = ../../ElementType.h; sourceTree = "<group>"; };
		0FC7EC7927C2EEC600C2C435 /* QueueLL.cpp */ = {isa = PBXFileReference; fileEncoding = 4; lastKnownFileType = sourcecode.cpp.cpp; name = QueueLL.cpp; path = ../../QueueLL.cpp; sourceTree = "<group>"; };
		0FC7EC7A27C2EEC600C2C435 /* QueueLL.h */ = {isa = PBXFileReference; fileEncoding = 4; lastKnownFileType = sourcecode.c.h; name = QueueLL.h; path = ../../QueueLL.h; sourceTree = "<group>"; };
		0FC7EC7B27C2EEC600C2C435 /* Stack-Queue-LL.sln */ = {isa = PBXFileReference; fileEncoding = 4; lastKnownFileType = text; name = "Stack-Queue-LL.sln"; path = "../../Stack-Queue-LL.sln"; sourceTree = "<group>"; };
		0FC7EC7C27C2EEC600C2C435 /* StackLL.cpp */ = {isa = PBXFileReference; fileEncoding = 4; lastKnownFileType = sourcecode.cpp.cpp; name = StackLL.cpp; path = ../../StackLL.cpp; sourceTree = "<group>"; };
		0FC7EC7D27C2EEC600C2C435 /* StackLL.h */ = {isa = PBXFileReference; fileEncoding = 4; lastKnownFileType = sourcecode.c.h; name = StackLL.h; path = ../../StackLL.h; sourceTree = "<group>"; };
/* End PBXFileReference section */

/* Begin PBXFrameworksBuildPhase section */
		0FC7EC6527C2EEA900C2C435 /* Frameworks */ = {
			isa = PBXFrameworksBuildPhase;
			buildActionMask = 2147483647;
			files = (
			);
			runOnlyForDeploymentPostprocessing = 0;
		};
/* End PBXFrameworksBuildPhase section */

/* Begin PBXGroup section */
		0FC7EC5F27C2EEA900C2C435 = {
			isa = PBXGroup;
			children = (
				0FC7EC6A27C2EEA900C2C435 /* Project2 */,
				0FC7EC6927C2EEA900C2C435 /* Products */,
			);
			sourceTree = "<group>";
		};
		0FC7EC6927C2EEA900C2C435 /* Products */ = {
			isa = PBXGroup;
			children = (
				0FC7EC6827C2EEA900C2C435 /* Project2 */,
			);
			name = Products;
			sourceTree = "<group>";
		};
		0FC7EC6A27C2EEA900C2C435 /* Project2 */ = {
			isa = PBXGroup;
			children = (
				0FC7EC7827C2EEC600C2C435 /* ElementType.h */,
				0FC7EC7227C2EEC600C2C435 /* main.cpp */,
				0FC7EC7527C2EEC600C2C435 /* Node.cpp */,
				0FC7EC7727C2EEC600C2C435 /* Node.h */,
				0FC7EC7927C2EEC600C2C435 /* QueueLL.cpp */,
				0FC7EC7A27C2EEC600C2C435 /* QueueLL.h */,
				0FC7EC7327C2EEC600C2C435 /* README.md */,
				0FC7EC7B27C2EEC600C2C435 /* Stack-Queue-LL.sln */,
				0FC7EC7627C2EEC600C2C435 /* Stack-Queue-LL.vcxproj */,
				0FC7EC7427C2EEC600C2C435 /* Stack-Queue-LL.vcxproj.filters */,
				0FC7EC7C27C2EEC600C2C435 /* StackLL.cpp */,
				0FC7EC7D27C2EEC600C2C435 /* StackLL.h */,
			);
			path = Project2;
			sourceTree = "<group>";
		};
/* End PBXGroup section */

/* Begin PBXNativeTarget section */
		0FC7EC6727C2EEA900C2C435 /* Project2 */ = {
			isa = PBXNativeTarget;
			buildConfigurationList = 0FC7EC6F27C2EEA900C2C435 /* Build configuration list for PBXNativeTarget "Project2" */;
			buildPhases = (
				0FC7EC6427C2EEA900C2C435 /* Sources */,
				0FC7EC6527C2EEA900C2C435 /* Frameworks */,
				0FC7EC6627C2EEA900C2C435 /* CopyFiles */,
			);
			buildRules = (
			);
			dependencies = (
			);
			name = Project2;
			productName = Project2;
			productReference = 0FC7EC6827C2EEA900C2C435 /* Project2 */;
			productType = "com.apple.product-type.tool";
		};
/* End PBXNativeTarget section */

/* Begin PBXProject section */
		0FC7EC6027C2EEA900C2C435 /* Project object */ = {
			isa = PBXProject;
			attributes = {
				LastUpgradeCheck = 1010;
				ORGANIZATIONNAME = "Tristen Williams";
				TargetAttributes = {
					0FC7EC6727C2EEA900C2C435 = {
						CreatedOnToolsVersion = 10.1;
					};
				};
			};
			buildConfigurationList = 0FC7EC6327C2EEA900C2C435 /* Build configuration list for PBXProject "Project2" */;
			compatibilityVersion = "Xcode 9.3";
			developmentRegion = en;
			hasScannedForEncodings = 0;
			knownRegions = (
				en,
			);
			mainGroup = 0FC7EC5F27C2EEA900C2C435;
			productRefGroup = 0FC7EC6927C2EEA900C2C435 /* Products */;
			projectDirPath = "";
			projectRoot = "";
			targets = (
				0FC7EC6727C2EEA900C2C435 /* Project2 */,
			);
		};
/* End PBXProject section */

/* Begin PBXSourcesBuildPhase section */
		0FC7EC6427C2EEA900C2C435 /* Sources */ = {
			isa = PBXSourcesBuildPhase;
			buildActionMask = 2147483647;
			files = (
				0FC7EC7E27C2EEC600C2C435 /* main.cpp in Sources */,
				0FC7EC8027C2EEC600C2C435 /* QueueLL.cpp in Sources */,
				0FC7EC8127C2EEC600C2C435 /* StackLL.cpp in Sources */,
				0FC7EC7F27C2EEC600C2C435 /* Node.cpp in Sources */,
			);
			runOnlyForDeploymentPostprocessing = 0;
		};
/* End PBXSourcesBuildPhase section */

/* Begin XCBuildConfiguration section */
		0FC7EC6D27C2EEA900C2C435 /* Debug */ = {
			isa = XCBuildConfiguration;
			buildSettings = {
				ALWAYS_SEARCH_USER_PATHS = NO;
				CLANG_ANALYZER_NONNULL = YES;
				CLANG_ANALYZER_NUMBER_OBJECT_CONVERSION = YES_AGGRESSIVE;
				CLANG_CXX_LANGUAGE_STANDARD = "gnu++14";
				CLANG_CXX_LIBRARY = "libc++";
				CLANG_ENABLE_MODULES = YES;
				CLANG_ENABLE_OBJC_ARC = YES;
				CLANG_ENABLE_OBJC_WEAK = YES;
				CLANG_WARN_BLOCK_CAPTURE_AUTORELEASING = YES;
				CLANG_WARN_BOOL_CONVERSION = YES;
				CLANG_WARN_COMMA = YES;
				CLANG_WARN_CONSTANT_CONVERSION = YES;
				CLANG_WARN_DEPRECATED_OBJC_IMPLEMENTATIONS = YES;
				CLANG_WARN_DIRECT_OBJC_ISA_USAGE = YES_ERROR;
				CLANG_WARN_DOCUMENTATION_COMMENTS = YES;
				CLANG_WARN_EMPTY_BODY = YES;
				CLANG_WARN_ENUM_CONVERSION = YES;
				CLANG_WARN_INFINITE_RECURSION = YES;
				CLANG_WARN_INT_CONVERSION = YES;
				CLANG_WARN_NON_LITERAL_NULL_CONVERSION = YES;
				CLANG_WARN_OBJC_IMPLICIT_RETAIN_SELF = YES;
				CLANG_WARN_OBJC_LITERAL_CONVERSION = YES;
				CLANG_WARN_OBJC_ROOT_CLASS = YES_ERROR;
				CLANG_WARN_RANGE_LOOP_ANALYSIS = YES;
				CLANG_WARN_STRICT_PROTOTYPES = YES;
				CLANG_WARN_SUSPICIOUS_MOVE = YES;
				CLANG_WARN_UNGUARDED_AVAILABILITY = YES_AGGRESSIVE;
				CLANG_WARN_UNREACHABLE_CODE = YES;
				CLANG_WARN__DUPLICATE_METHOD_MATCH = YES;
				CODE_SIGN_IDENTITY = "-";
				COPY_PHASE_STRIP = NO;
				DEBUG_INFORMATION_FORMAT = dwarf;
				ENABLE_STRICT_OBJC_MSGSEND = YES;
				ENABLE_TESTABILITY = YES;
				GCC_C_LANGUAGE_STANDARD = gnu11;
				GCC_DYNAMIC_NO_PIC = NO;
				GCC_NO_COMMON_BLOCKS = YES;
				GCC_OPTIMIZATION_LEVEL = 0;
				GCC_PREPROCESSOR_DEFINITIONS = (
					"DEBUG=1",
					"$(inherited)",
				);
				GCC_WARN_64_TO_32_BIT_CONVERSION = YES;
				GCC_WARN_ABOUT_RETURN_TYPE = YES_ERROR;
				GCC_WARN_UNDECLARED_SELECTOR = YES;
				GCC_WARN_UNINITIALIZED_AUTOS = YES_AGGRESSIVE;
				GCC_WARN_UNUSED_FUNCTION = YES;
				GCC_WARN_UNUSED_VARIABLE = YES;
				MACOSX_DEPLOYMENT_TARGET = 10.13;
				MTL_ENABLE_DEBUG_INFO = INCLUDE_SOURCE;
				MTL_FAST_MATH = YES;
				ONLY_ACTIVE_ARCH = YES;
				SDKROOT = macosx;
			};
			name = Debug;
		};
		0FC7EC6E27C2EEA900C2C435 /* Release */ = {
			isa = XCBuildConfiguration;
			buildSettings = {
				ALWAYS_SEARCH_USER_PATHS = NO;
				CLANG_ANALYZER_NONNULL = YES;
				CLANG_ANALYZER_NUMBER_OBJECT_CONVERSION = YES_AGGRESSIVE;
				CLANG_CXX_LANGUAGE_STANDARD = "gnu++14";
				CLANG_CXX_LIBRARY = "libc++";
				CLANG_ENABLE_MODULES = YES;
				CLANG_ENABLE_OBJC_ARC = YES;
				CLANG_ENABLE_OBJC_WEAK = YES;
				CLANG_WARN_BLOCK_CAPTURE_AUTORELEASING = YES;
				CLANG_WARN_BOOL_CONVERSION = YES;
				CLANG_WARN_COMMA = YES;
				CLANG_WARN_CONSTANT_CONVERSION = YES;
				CLANG_WARN_DEPRECATED_OBJC_IMPLEMENTATIONS = YES;
				CLANG_WARN_DIRECT_OBJC_ISA_USAGE = YES_ERROR;
				CLANG_WARN_DOCUMENTATION_COMMENTS = YES;
				CLANG_WARN_EMPTY_BODY = YES;
				CLANG_WARN_ENUM_CONVERSION = YES;
				CLANG_WARN_INFINITE_RECURSION = YES;
				CLANG_WARN_INT_CONVERSION = YES;
				CLANG_WARN_NON_LITERAL_NULL_CONVERSION = YES;
				CLANG_WARN_OBJC_IMPLICIT_RETAIN_SELF = YES;
				CLANG_WARN_OBJC_LITERAL_CONVERSION = YES;
				CLANG_WARN_OBJC_ROOT_CLASS = YES_ERROR;
				CLANG_WARN_RANGE_LOOP_ANALYSIS = YES;
				CLANG_WARN_STRICT_PROTOTYPES = YES;
				CLANG_WARN_SUSPICIOUS_MOVE = YES;
				CLANG_WARN_UNGUARDED_AVAILABILITY = YES_AGGRESSIVE;
				CLANG_WARN_UNREACHABLE_CODE = YES;
				CLANG_WARN__DUPLICATE_METHOD_MATCH = YES;
				CODE_SIGN_IDENTITY = "-";
				COPY_PHASE_STRIP = NO;
				DEBUG_INFORMATION_FORMAT = "dwarf-with-dsym";
				ENABLE_NS_ASSERTIONS = NO;
				ENABLE_STRICT_OBJC_MSGSEND = YES;
				GCC_C_LANGUAGE_STANDARD = gnu11;
				GCC_NO_COMMON_BLOCKS = YES;
				GCC_WARN_64_TO_32_BIT_CONVERSION = YES;
				GCC_WARN_ABOUT_RETURN_TYPE = YES_ERROR;
				GCC_WARN_UNDECLARED_SELECTOR = YES;
				GCC_WARN_UNINITIALIZED_AUTOS = YES_AGGRESSIVE;
				GCC_WARN_UNUSED_FUNCTION = YES;
				GCC_WARN_UNUSED_VARIABLE = YES;
				MACOSX_DEPLOYMENT_TARGET = 10.13;
				MTL_ENABLE_DEBUG_INFO = NO;
				MTL_FAST_MATH = YES;
				SDKROOT = macosx;
			};
			name = Release;
		};
		0FC7EC7027C2EEA900C2C435 /* Debug */ = {
			isa = XCBuildConfiguration;
			buildSettings = {
				CODE_SIGN_STYLE = Automatic;
				PRODUCT_NAME = "$(TARGET_NAME)";
			};
			name = Debug;
		};
		0FC7EC7127C2EEA900C2C435 /* Release */ = {
			isa = XCBuildConfiguration;
			buildSettings = {
				CODE_SIGN_STYLE = Automatic;
				PRODUCT_NAME = "$(TARGET_NAME)";
			};
			name = Release;
		};
/* End XCBuildConfiguration section */

/* Begin XCConfigurationList section */
		0FC7EC6327C2EEA900C2C435 /* Build configuration list for PBXProject "Project2" */ = {
			isa = XCConfigurationList;
			buildConfigurations = (
				0FC7EC6D27C2EEA900C2C435 /* Debug */,
				0FC7EC6E27C2EEA900C2C435 /* Release */,
			);
			defaultConfigurationIsVisible = 0;
			defaultConfigurationName = Release;
		};
		0FC7EC6F27C2EEA900C2C435 /* Build configuration list for PBXNativeTarget "Project2" */ = {
			isa = XCConfigurationList;
			buildConfigurations = (
				0FC7EC7027C2EEA900C2C435 /* Debug */,
				0FC7EC7127C2EEA900C2C435 /* Release */,
			);
			defaultConfigurationIsVisible = 0;
			defaultConfigurationName = Release;
		};
/* End XCConfigurationList section */
	};
	rootObject = 0FC7EC6027C2EEA900C2C435 /* Project object */;
}
